
Microsoft Visual Studio Solution File, Format Version 12.00
# Visual Studio Version 17
VisualStudioVersion = 17.4.33213.308
MinimumVisualStudioVersion = 10.0.40219.1
Project("{FAE04EC0-301F-11D3-BF4B-00C04F79EFBC}") = "BankTransations", "BankTransations\BankTransations.csproj", "{B76E6AE4-6D21-4C42-9CBF-E9D4090156E5}"
EndProject
Project("{2150E333-8FDC-42A3-9474-1A3956D46DE8}") = "Solution Items", "Solution Items", "{7C952C59-3E06-442F-8E46-AD2C719C08A0}"
	ProjectSection(SolutionItems) = preProject
		.editorconfig = .editorconfig
	EndProjectSection
EndProject
Global
	GlobalSection(SolutionConfigurationPlatforms) = preSolution
		Debug|Any CPU = Debug|Any CPU
		Release|Any CPU = Release|Any CPU
	EndGlobalSection
	GlobalSection(ProjectConfigurationPlatforms) = postSolution
		{B76E6AE4-6D21-4C42-9CBF-E9D4090156E5}.Debug|Any CPU.ActiveCfg = Debug|Any CPU
		{B76E6AE4-6D21-4C42-9CBF-E9D4090156E5}.Debug|Any CPU.Build.0 = Debug|Any CPU
		{B76E6AE4-6D21-4C42-9CBF-E9D4090156E5}.Release|Any CPU.ActiveCfg = Release|Any CPU
		{B76E6AE4-6D21-4C42-9CBF-E9D4090156E5}.Release|Any CPU.Build.0 = Release|Any CPU
	EndGlobalSection
	GlobalSection(SolutionProperties) = preSolution
		HideSolutionNode = FALSE
	EndGlobalSection
	GlobalSection(ExtensibilityGlobals) = postSolution
		SolutionGuid = {E1A7539B-EF90-48B0-A232-B67BD2AF632E}
	EndGlobalSection
EndGlobal
